
Microsoft Visual Studio Solution File, Format Version 12.00
# Visual Studio Version 17
VisualStudioVersion = 17.3.32922.545
MinimumVisualStudioVersion = 10.0.40219.1
Project("{FAE04EC0-301F-11D3-BF4B-00C04F79EFBC}") = "Perceptron", "Perceptron\Perceptron.csproj", "{0DDB8062-3F0D-4AB8-9ACB-0C41F1BA583D}"
EndProject
Global
	GlobalSection(SolutionConfigurationPlatforms) = preSolution
		Debug|Any CPU = Debug|Any CPU
		Release|Any CPU = Release|Any CPU
	EndGlobalSection
	GlobalSection(ProjectConfigurationPlatforms) = postSolution
		{0DDB8062-3F0D-4AB8-9ACB-0C41F1BA583D}.Debug|Any CPU.ActiveCfg = Debug|Any CPU
		{0DDB8062-3F0D-4AB8-9ACB-0C41F1BA583D}.Debug|Any CPU.Build.0 = Debug|Any CPU
		{0DDB8062-3F0D-4AB8-9ACB-0C41F1BA583D}.Release|Any CPU.ActiveCfg = Release|Any CPU
		{0DDB8062-3F0D-4AB8-9ACB-0C41F1BA583D}.Release|Any CPU.Build.0 = Release|Any CPU
	EndGlobalSection
	GlobalSection(SolutionProperties) = preSolution
		HideSolutionNode = FALSE
	EndGlobalSection
	GlobalSection(ExtensibilityGlobals) = postSolution
		SolutionGuid = {0E634505-DBCD-43CC-82D7-640F94CB1B3A}
	EndGlobalSection
EndGlobal
